schema: '2.0'
stages:
  data_collection:
    cmd: python src/data_collection.py
  collection:
    cmd: python src/data_collection.py
    outs:
    - path: data/raw/data.csv
      hash: md5
      md5: aefe1fb0c5cdf527d8d6b75f3cbc8c15
      size: 32320478
  processing:
    cmd: python src/data_prepro.py
    deps:
    - path: data/raw/data.csv
      hash: md5
      md5: aefe1fb0c5cdf527d8d6b75f3cbc8c15
      size: 32320478
    - path: src/data_prepro.py
      hash: md5
      md5: 29dbdb596e61683391e45592e5659bea
      size: 5564
    outs:
    - path: data/processed/processed.csv
      hash: md5
      md5: 12ae369aa5636d04adf6416375dff33b
      size: 47942155
